
Microsoft Visual Studio Solution File, Format Version 12.00
# Visual Studio 15
VisualStudioVersion = 15.0.26228.4
MinimumVisualStudioVersion = 10.0.40219.1
Project("{FAE04EC0-301F-11D3-BF4B-00C04F79EFBC}") = "AudacityMarksToTiming", "AudacityMarksToTiming\AudacityMarksToTiming.csproj", "{5F65CC93-FF1A-49E7-B2DC-DEB03E12740B}"
EndProject
Global
	GlobalSection(SolutionConfigurationPlatforms) = preSolution
		Debug|Any CPU = Debug|Any CPU
		Release|Any CPU = Release|Any CPU
	EndGlobalSection
	GlobalSection(ProjectConfigurationPlatforms) = postSolution
		{5F65CC93-FF1A-49E7-B2DC-DEB03E12740B}.Debug|Any CPU.ActiveCfg = Debug|Any CPU
		{5F65CC93-FF1A-49E7-B2DC-DEB03E12740B}.Debug|Any CPU.Build.0 = Debug|Any CPU
		{5F65CC93-FF1A-49E7-B2DC-DEB03E12740B}.Release|Any CPU.ActiveCfg = Release|Any CPU
		{5F65CC93-FF1A-49E7-B2DC-DEB03E12740B}.Release|Any CPU.Build.0 = Release|Any CPU
	EndGlobalSection
	GlobalSection(SolutionProperties) = preSolution
		HideSolutionNode = FALSE
	EndGlobalSection
	GlobalSection(ExtensibilityGlobals) = postSolution
		SolutionGuid = {BF44FC42-E51D-4581-8156-4A84D146EE2F}
	EndGlobalSection
EndGlobal
